
Microsoft Visual Studio Solution File, Format Version 12.00
# Visual Studio Version 17
VisualStudioVersion = 17.13.35806.99 d17.13
MinimumVisualStudioVersion = 10.0.40219.1
Project("{FAE04EC0-301F-11D3-BF4B-00C04F79EFBC}") = "WindowsFormsApp1", "WindowsFormsApp1\WindowsFormsApp1.csproj", "{CCA957D4-64F5-4BBD-A9B8-5FA8472DF0F9}"
EndProject
Global
	GlobalSection(SolutionConfigurationPlatforms) = preSolution
		Debug|Any CPU = Debug|Any CPU
		Debug|x64 = Debug|x64
		Release|Any CPU = Release|Any CPU
		Release|x64 = Release|x64
	EndGlobalSection
	GlobalSection(ProjectConfigurationPlatforms) = postSolution
		{CCA957D4-64F5-4BBD-A9B8-5FA8472DF0F9}.Debug|Any CPU.ActiveCfg = Debug|Any CPU
		{CCA957D4-64F5-4BBD-A9B8-5FA8472DF0F9}.Debug|Any CPU.Build.0 = Debug|Any CPU
		{CCA957D4-64F5-4BBD-A9B8-5FA8472DF0F9}.Debug|x64.ActiveCfg = Debug|x64
		{CCA957D4-64F5-4BBD-A9B8-5FA8472DF0F9}.Debug|x64.Build.0 = Debug|x64
		{CCA957D4-64F5-4BBD-A9B8-5FA8472DF0F9}.Release|Any CPU.ActiveCfg = Release|Any CPU
		{CCA957D4-64F5-4BBD-A9B8-5FA8472DF0F9}.Release|Any CPU.Build.0 = Release|Any CPU
		{CCA957D4-64F5-4BBD-A9B8-5FA8472DF0F9}.Release|x64.ActiveCfg = Release|x64
		{CCA957D4-64F5-4BBD-A9B8-5FA8472DF0F9}.Release|x64.Build.0 = Release|x64
	EndGlobalSection
	GlobalSection(SolutionProperties) = preSolution
		HideSolutionNode = FALSE
	EndGlobalSection
	GlobalSection(ExtensibilityGlobals) = postSolution
		SolutionGuid = {D66F79AF-9093-4403-BCED-218CCDF81E70}
	EndGlobalSection
EndGlobal
